{
  "version": 4,
  "terraform_version": "1.2.3",
  "serial": 19,
  "lineage": "e902a1b2-16a9-f6c5-5d5d-c58c68861428",
  "outputs": {
    "external_ip_address_vm_1": {
      "value": "84.201.164.29",
      "type": "string"
    },
    "internal_ip_address_vm_1": {
      "value": "192.168.11.20",
      "type": "string"
    }
  },
  "resources": [
    {
      "mode": "managed",
      "type": "yandex_compute_instance",
      "name": "vm-1",
      "provider": "provider[\"registry.terraform.io/yandex-cloud/yandex\"]",
      "instances": [
        {
          "schema_version": 1,
          "attributes": {
            "allow_recreate": null,
            "allow_stopping_for_update": null,
            "boot_disk": [
              {
                "auto_delete": true,
                "device_name": "epd46v6t51t4fankg17n",
                "disk_id": "epd46v6t51t4fankg17n",
                "initialize_params": [
                  {
                    "block_size": 4096,
                    "description": "",
                    "image_id": "fd81hgrcv6lsnkremf32",
                    "name": "",
                    "size": 3,
                    "snapshot_id": "",
                    "type": "network-hdd"
                  }
                ],
                "mode": "READ_WRITE"
              }
            ],
            "created_at": "2022-06-29T14:09:05Z",
            "description": "",
            "folder_id": "b1g1eochf9mlo4eva70l",
            "fqdn": "epdvjlemh88kcfimhn1p.auto.internal",
            "hostname": "epdvjlemh88kcfimhn1p",
            "id": "epdvjlemh88kcfimhn1p",
            "labels": null,
            "metadata": {
              "ssh-keys": "ubuntu:ssh-rsa AAAAB3NzaC1yc2EAAAADAQABAAABgQC6S8pfskNNzQpj1UAXR2KCScmyHUcMt6TJfSZxyXw/W6SBQbOUO9rO2uTP9Fof9vk/nfvM/oOcgk58KqDJSa4SIUpOZS4NdZjLe7UNziJAIEKCGZPAJE+/qNNqTjdfZ8t8+Xt1fy6LwGGC8QD6o8IMmhUfIkTjFeeCu6a782zCPb46mSmMWBixLNj8UVJGAsGZ8+acYg9KiAp8DHwfHaQjFgAW42lYjvU+Ts/71HKt9+pE4NLTQLbZsHk2tyLLdvtHiDOs17WrSWzqR0287+hk/iG51MbtpYUITaFz10B2DOLqE0q/RGe52H6HgynP+jXG8/MX211vywdQVUZgmk8T738VXpu21nfG0+66JCSMxIvsN02tCUnkpfL4QnzkNzOtkmtenuatUG40FGYYj3hjLTrW/4T8losa/ugnEIXxvU48iwx8fBkqFMk6MyA1o3vHbZ+rFWJ+n4ZrTqwPz8WuiqkJmxxyWz4LFqsEZBPGpRAa2GlglP1R7CJ34gzATtc= hroozt@mail.ru\n"
            },
            "name": "testoform",
            "network_acceleration_type": "standard",
            "network_interface": [
              {
                "dns_record": [],
                "index": 0,
                "ip_address": "192.168.11.20",
                "ipv4": true,
                "ipv6": false,
                "ipv6_address": "",
                "ipv6_dns_record": [],
                "mac_address": "d0:0d:1f:9d:5d:68",
                "nat": true,
                "nat_dns_record": [],
                "nat_ip_address": "84.201.164.29",
                "nat_ip_version": "IPV4",
                "security_group_ids": [],
                "subnet_id": "e2l266oumbesc1v7e7u8"
              }
            ],
            "placement_policy": [
              {
                "host_affinity_rules": [],
                "placement_group_id": ""
              }
            ],
            "platform_id": "standard-v1",
            "resources": [
              {
                "core_fraction": 100,
                "cores": 2,
                "gpus": 0,
                "memory": 2
              }
            ],
            "scheduling_policy": [
              {
                "preemptible": false
              }
            ],
            "secondary_disk": [],
            "service_account_id": "",
            "status": "running",
            "timeouts": null,
            "zone": "ru-central1-b"
          },
          "sensitive_attributes": [],
          "private": "eyJlMmJmYjczMC1lY2FhLTExZTYtOGY4OC0zNDM2M2JjN2M0YzAiOnsiY3JlYXRlIjozMDAwMDAwMDAwMDAsImRlbGV0ZSI6MzAwMDAwMDAwMDAwLCJ1cGRhdGUiOjMwMDAwMDAwMDAwMH0sInNjaGVtYV92ZXJzaW9uIjoiMSJ9",
          "dependencies": [
            "yandex_vpc_network.network-1",
            "yandex_vpc_subnet.subnet-1"
          ]
        }
      ]
    },
    {
      "mode": "managed",
      "type": "yandex_vpc_network",
      "name": "network-1",
      "provider": "provider[\"registry.terraform.io/yandex-cloud/yandex\"]",
      "instances": [
        {
          "schema_version": 0,
          "attributes": {
            "created_at": "2022-06-29T14:09:01Z",
            "default_security_group_id": "",
            "description": "",
            "folder_id": "b1g1eochf9mlo4eva70l",
            "id": "enp2tkfvuo7nakfcrjp2",
            "labels": {},
            "name": "network1",
            "subnet_ids": [],
            "timeouts": null
          },
          "sensitive_attributes": [],
          "private": "eyJlMmJmYjczMC1lY2FhLTExZTYtOGY4OC0zNDM2M2JjN2M0YzAiOnsiY3JlYXRlIjo2MDAwMDAwMDAwMCwiZGVsZXRlIjo2MDAwMDAwMDAwMCwidXBkYXRlIjo2MDAwMDAwMDAwMH19"
        }
      ]
    },
    {
      "mode": "managed",
      "type": "yandex_vpc_subnet",
      "name": "subnet-1",
      "provider": "provider[\"registry.terraform.io/yandex-cloud/yandex\"]",
      "instances": [
        {
          "schema_version": 0,
          "attributes": {
            "created_at": "2022-06-29T14:09:03Z",
            "description": "",
            "dhcp_options": [],
            "folder_id": "b1g1eochf9mlo4eva70l",
            "id": "e2l266oumbesc1v7e7u8",
            "labels": {},
            "name": "subnet1",
            "network_id": "enp2tkfvuo7nakfcrjp2",
            "route_table_id": "",
            "timeouts": null,
            "v4_cidr_blocks": [
              "192.168.11.0/24"
            ],
            "v6_cidr_blocks": [],
            "zone": "ru-central1-b"
          },
          "sensitive_attributes": [],
          "private": "eyJlMmJmYjczMC1lY2FhLTExZTYtOGY4OC0zNDM2M2JjN2M0YzAiOnsiY3JlYXRlIjoxODAwMDAwMDAwMDAsImRlbGV0ZSI6MTgwMDAwMDAwMDAwLCJ1cGRhdGUiOjE4MDAwMDAwMDAwMH19",
          "dependencies": [
            "yandex_vpc_network.network-1"
          ]
        }
      ]
    }
  ]
}
